
Microsoft Visual Studio Solution File, Format Version 12.00
# Visual Studio Version 17
VisualStudioVersion = 17.3.32901.215
MinimumVisualStudioVersion = 10.0.40219.1
Project("{FAE04EC0-301F-11D3-BF4B-00C04F79EFBC}") = "WindowsFormsApp4", "WindowsFormsApp4\WindowsFormsApp4.csproj", "{7CC8CC9E-4885-4302-8D1E-A3859DD8B328}"
EndProject
Global
	GlobalSection(SolutionConfigurationPlatforms) = preSolution
		Debug|Any CPU = Debug|Any CPU
		Release|Any CPU = Release|Any CPU
	EndGlobalSection
	GlobalSection(ProjectConfigurationPlatforms) = postSolution
		{7CC8CC9E-4885-4302-8D1E-A3859DD8B328}.Debug|Any CPU.ActiveCfg = Debug|Any CPU
		{7CC8CC9E-4885-4302-8D1E-A3859DD8B328}.Debug|Any CPU.Build.0 = Debug|Any CPU
		{7CC8CC9E-4885-4302-8D1E-A3859DD8B328}.Release|Any CPU.ActiveCfg = Release|Any CPU
		{7CC8CC9E-4885-4302-8D1E-A3859DD8B328}.Release|Any CPU.Build.0 = Release|Any CPU
	EndGlobalSection
	GlobalSection(SolutionProperties) = preSolution
		HideSolutionNode = FALSE
	EndGlobalSection
	GlobalSection(ExtensibilityGlobals) = postSolution
		SolutionGuid = {BFF7B87F-9750-44C1-AD62-331372495C4D}
	EndGlobalSection
EndGlobal
